
Microsoft Visual Studio Solution File, Format Version 12.00
# Visual Studio Version 17
VisualStudioVersion = 17.2.32630.192
MinimumVisualStudioVersion = 10.0.40219.1
Project("{F184B08F-C81C-45F6-A57F-5ABD9991F28F}") = "gradeCalculator", "gradeCalculator\gradeCalculator.vbproj", "{8B8A8825-A73D-46FB-8DA0-212636B7186E}"
EndProject
Global
	GlobalSection(SolutionConfigurationPlatforms) = preSolution
		Debug|Any CPU = Debug|Any CPU
		Release|Any CPU = Release|Any CPU
	EndGlobalSection
	GlobalSection(ProjectConfigurationPlatforms) = postSolution
		{8B8A8825-A73D-46FB-8DA0-212636B7186E}.Debug|Any CPU.ActiveCfg = Debug|Any CPU
		{8B8A8825-A73D-46FB-8DA0-212636B7186E}.Debug|Any CPU.Build.0 = Debug|Any CPU
		{8B8A8825-A73D-46FB-8DA0-212636B7186E}.Release|Any CPU.ActiveCfg = Release|Any CPU
		{8B8A8825-A73D-46FB-8DA0-212636B7186E}.Release|Any CPU.Build.0 = Release|Any CPU
	EndGlobalSection
	GlobalSection(SolutionProperties) = preSolution
		HideSolutionNode = FALSE
	EndGlobalSection
	GlobalSection(ExtensibilityGlobals) = postSolution
		SolutionGuid = {A514A58E-C01D-4F91-99B1-5985F6E94DD2}
	EndGlobalSection
EndGlobal
