
Microsoft Visual Studio Solution File, Format Version 12.00
# Visual Studio Version 17
VisualStudioVersion = 17.3.32825.248
MinimumVisualStudioVersion = 10.0.40219.1
Project("{F184B08F-C81C-45F6-A57F-5ABD9991F28F}") = "byRef_byValue", "byRef_byValue\byRef_byValue.vbproj", "{5193A48A-753C-4334-BECF-57DAE074F8AC}"
EndProject
Global
	GlobalSection(SolutionConfigurationPlatforms) = preSolution
		Debug|Any CPU = Debug|Any CPU
		Release|Any CPU = Release|Any CPU
	EndGlobalSection
	GlobalSection(ProjectConfigurationPlatforms) = postSolution
		{5193A48A-753C-4334-BECF-57DAE074F8AC}.Debug|Any CPU.ActiveCfg = Debug|Any CPU
		{5193A48A-753C-4334-BECF-57DAE074F8AC}.Debug|Any CPU.Build.0 = Debug|Any CPU
		{5193A48A-753C-4334-BECF-57DAE074F8AC}.Release|Any CPU.ActiveCfg = Release|Any CPU
		{5193A48A-753C-4334-BECF-57DAE074F8AC}.Release|Any CPU.Build.0 = Release|Any CPU
	EndGlobalSection
	GlobalSection(SolutionProperties) = preSolution
		HideSolutionNode = FALSE
	EndGlobalSection
	GlobalSection(ExtensibilityGlobals) = postSolution
		SolutionGuid = {FDE18A85-5D53-4352-9371-B5D94E396E1B}
	EndGlobalSection
EndGlobal
